
Microsoft Visual Studio Solution File, Format Version 12.00
# Visual Studio Version 16
VisualStudioVersion = 16.0.30011.22
MinimumVisualStudioVersion = 10.0.40219.1
Project("{FAE04EC0-301F-11D3-BF4B-00C04F79EFBC}") = "SamuraiApp.Domain", "SamuraiApp.Domain\SamuraiApp.Domain.csproj", "{B64C8A39-7E42-40B9-981B-4BD0ED6F7B9B}"
EndProject
Project("{FAE04EC0-301F-11D3-BF4B-00C04F79EFBC}") = "SamuraiApp.Data", "SamuraiApp.Data\SamuraiApp.Data.csproj", "{3C8B2292-40E8-40D2-BE02-F36895614E74}"
EndProject
Project("{FAE04EC0-301F-11D3-BF4B-00C04F79EFBC}") = "ConsoleApp", "ConsoleApp\ConsoleApp.csproj", "{C554F638-1D0F-47A6-B4E7-F064AB1D8CD2}"
EndProject
Project("{FAE04EC0-301F-11D3-BF4B-00C04F79EFBC}") = "Tests", "Tests\Tests.csproj", "{10254629-E57D-4B1D-A29D-49A81CD82E81}"
EndProject
Global
	GlobalSection(SolutionConfigurationPlatforms) = preSolution
		Debug|Any CPU = Debug|Any CPU
		Release|Any CPU = Release|Any CPU
	EndGlobalSection
	GlobalSection(ProjectConfigurationPlatforms) = postSolution
		{B64C8A39-7E42-40B9-981B-4BD0ED6F7B9B}.Debug|Any CPU.ActiveCfg = Debug|Any CPU
		{B64C8A39-7E42-40B9-981B-4BD0ED6F7B9B}.Debug|Any CPU.Build.0 = Debug|Any CPU
		{B64C8A39-7E42-40B9-981B-4BD0ED6F7B9B}.Release|Any CPU.ActiveCfg = Release|Any CPU
		{B64C8A39-7E42-40B9-981B-4BD0ED6F7B9B}.Release|Any CPU.Build.0 = Release|Any CPU
		{3C8B2292-40E8-40D2-BE02-F36895614E74}.Debug|Any CPU.ActiveCfg = Debug|Any CPU
		{3C8B2292-40E8-40D2-BE02-F36895614E74}.Debug|Any CPU.Build.0 = Debug|Any CPU
		{3C8B2292-40E8-40D2-BE02-F36895614E74}.Release|Any CPU.ActiveCfg = Release|Any CPU
		{3C8B2292-40E8-40D2-BE02-F36895614E74}.Release|Any CPU.Build.0 = Release|Any CPU
		{C554F638-1D0F-47A6-B4E7-F064AB1D8CD2}.Debug|Any CPU.ActiveCfg = Debug|Any CPU
		{C554F638-1D0F-47A6-B4E7-F064AB1D8CD2}.Debug|Any CPU.Build.0 = Debug|Any CPU
		{C554F638-1D0F-47A6-B4E7-F064AB1D8CD2}.Release|Any CPU.ActiveCfg = Release|Any CPU
		{C554F638-1D0F-47A6-B4E7-F064AB1D8CD2}.Release|Any CPU.Build.0 = Release|Any CPU
		{10254629-E57D-4B1D-A29D-49A81CD82E81}.Debug|Any CPU.ActiveCfg = Debug|Any CPU
		{10254629-E57D-4B1D-A29D-49A81CD82E81}.Debug|Any CPU.Build.0 = Debug|Any CPU
		{10254629-E57D-4B1D-A29D-49A81CD82E81}.Release|Any CPU.ActiveCfg = Release|Any CPU
		{10254629-E57D-4B1D-A29D-49A81CD82E81}.Release|Any CPU.Build.0 = Release|Any CPU
	EndGlobalSection
	GlobalSection(SolutionProperties) = preSolution
		HideSolutionNode = FALSE
	EndGlobalSection
	GlobalSection(ExtensibilityGlobals) = postSolution
		SolutionGuid = {5752EEAF-93F1-4F5F-95E5-8C3F337665E4}
	EndGlobalSection
EndGlobal
